
Microsoft Visual Studio Solution File, Format Version 12.00
# Visual Studio Version 17
VisualStudioVersion = 17.5.002.0
MinimumVisualStudioVersion = 10.0.40219.1
Project("{9A19103F-16F7-4668-BE54-9A1E7A4F7556}") = "WareHouse_app", "WareHouse_app\WareHouse_app.csproj", "{52435F88-076D-4DFF-86C6-060CBB5DE3D7}"
EndProject
Project("{FAE04EC0-301F-11D3-BF4B-00C04F79EFBC}") = "WareHouse_test", "WareHouse_test\WareHouse_test.csproj", "{551C75A1-BE0F-4F12-9447-B994015C939D}"
EndProject
Global
	GlobalSection(SolutionConfigurationPlatforms) = preSolution
		Debug|Any CPU = Debug|Any CPU
		Release|Any CPU = Release|Any CPU
	EndGlobalSection
	GlobalSection(ProjectConfigurationPlatforms) = postSolution
		{52435F88-076D-4DFF-86C6-060CBB5DE3D7}.Debug|Any CPU.ActiveCfg = Debug|Any CPU
		{52435F88-076D-4DFF-86C6-060CBB5DE3D7}.Debug|Any CPU.Build.0 = Debug|Any CPU
		{52435F88-076D-4DFF-86C6-060CBB5DE3D7}.Release|Any CPU.ActiveCfg = Release|Any CPU
		{52435F88-076D-4DFF-86C6-060CBB5DE3D7}.Release|Any CPU.Build.0 = Release|Any CPU
		{72B6A16A-ED1C-4F6C-8811-8AB959E17B47}.Debug|Any CPU.ActiveCfg = Debug|Any CPU
		{72B6A16A-ED1C-4F6C-8811-8AB959E17B47}.Debug|Any CPU.Build.0 = Debug|Any CPU
		{72B6A16A-ED1C-4F6C-8811-8AB959E17B47}.Release|Any CPU.ActiveCfg = Release|Any CPU
		{72B6A16A-ED1C-4F6C-8811-8AB959E17B47}.Release|Any CPU.Build.0 = Release|Any CPU
		{551C75A1-BE0F-4F12-9447-B994015C939D}.Debug|Any CPU.ActiveCfg = Debug|Any CPU
		{551C75A1-BE0F-4F12-9447-B994015C939D}.Debug|Any CPU.Build.0 = Debug|Any CPU
		{551C75A1-BE0F-4F12-9447-B994015C939D}.Release|Any CPU.ActiveCfg = Release|Any CPU
		{551C75A1-BE0F-4F12-9447-B994015C939D}.Release|Any CPU.Build.0 = Release|Any CPU
	EndGlobalSection
	GlobalSection(SolutionProperties) = preSolution
		HideSolutionNode = FALSE
	EndGlobalSection
	GlobalSection(ExtensibilityGlobals) = postSolution
		SolutionGuid = {179F504B-9B70-4006-9119-1F77C08C0628}
	EndGlobalSection
EndGlobal
